
Microsoft Visual Studio Solution File, Format Version 12.00
# Visual Studio 14
VisualStudioVersion = 14.0.25420.1
MinimumVisualStudioVersion = 10.0.40219.1
Project("{FAE04EC0-301F-11D3-BF4B-00C04F79EFBC}") = "NearbyFriends", "NearbyFriends\NearbyFriends.csproj", "{035D39AF-0E19-49EB-A1F5-6F6B4DC41889}"
EndProject
Project("{FAE04EC0-301F-11D3-BF4B-00C04F79EFBC}") = "NearbyFriends.Test", "NearbyFriends.Test\NearbyFriends.Test.csproj", "{2008B5D1-65BF-478E-A5BC-0888E583F336}"
EndProject
Project("{FAE04EC0-301F-11D3-BF4B-00C04F79EFBC}") = "NearbyFriends.ConsoleTest", "NearbyFriends.ConsoleTest\NearbyFriends.ConsoleTest.csproj", "{EBAFE631-AFA3-484D-A4EA-C84F13D22482}"
EndProject
Global
	GlobalSection(SolutionConfigurationPlatforms) = preSolution
		Debug|Any CPU = Debug|Any CPU
		Release|Any CPU = Release|Any CPU
	EndGlobalSection
	GlobalSection(ProjectConfigurationPlatforms) = postSolution
		{035D39AF-0E19-49EB-A1F5-6F6B4DC41889}.Debug|Any CPU.ActiveCfg = Debug|Any CPU
		{035D39AF-0E19-49EB-A1F5-6F6B4DC41889}.Debug|Any CPU.Build.0 = Debug|Any CPU
		{035D39AF-0E19-49EB-A1F5-6F6B4DC41889}.Release|Any CPU.ActiveCfg = Release|Any CPU
		{035D39AF-0E19-49EB-A1F5-6F6B4DC41889}.Release|Any CPU.Build.0 = Release|Any CPU
		{2008B5D1-65BF-478E-A5BC-0888E583F336}.Debug|Any CPU.ActiveCfg = Debug|Any CPU
		{2008B5D1-65BF-478E-A5BC-0888E583F336}.Debug|Any CPU.Build.0 = Debug|Any CPU
		{2008B5D1-65BF-478E-A5BC-0888E583F336}.Release|Any CPU.ActiveCfg = Release|Any CPU
		{2008B5D1-65BF-478E-A5BC-0888E583F336}.Release|Any CPU.Build.0 = Release|Any CPU
		{EBAFE631-AFA3-484D-A4EA-C84F13D22482}.Debug|Any CPU.ActiveCfg = Debug|Any CPU
		{EBAFE631-AFA3-484D-A4EA-C84F13D22482}.Debug|Any CPU.Build.0 = Debug|Any CPU
		{EBAFE631-AFA3-484D-A4EA-C84F13D22482}.Release|Any CPU.ActiveCfg = Release|Any CPU
		{EBAFE631-AFA3-484D-A4EA-C84F13D22482}.Release|Any CPU.Build.0 = Release|Any CPU
	EndGlobalSection
	GlobalSection(SolutionProperties) = preSolution
		HideSolutionNode = FALSE
	EndGlobalSection
EndGlobal
